// !$*UTF8*$!
{
	archiveVersion = 1;
	classes = {
	};
	objectVersion = 46;
	objects = {

/* Begin PBXBuildFile section */
		3ADDFADF0ED9886C71FBB6B3 /* libPods-XZXDailyBlock.a in Frameworks */ = {isa = PBXBuildFile; fileRef = 61DAD466FC8C797782EAFD58 /* libPods-XZXDailyBlock.a */; };
		E003F1131D0BF4B300C4D140 /* XZXCalendarVC.m in Sources */ = {isa = PBXBuildFile; fileRef = E003F1111D0BF4B300C4D140 /* XZXCalendarVC.m */; };
		E003F11C1D0C110400C4D140 /* XZXDay.m in Sources */ = {isa = PBXBuildFile; fileRef = E003F11B1D0C110400C4D140 /* XZXDay.m */; };
		E003F1231D0C35D900C4D140 /* XZXDayBlockCVCell.m in Sources */ = {isa = PBXBuildFile; fileRef = E003F1211D0C35D900C4D140 /* XZXDayBlockCVCell.m */; };
		E003F12F1D0D5A0B00C4D140 /* XZXTransitionAnimator.m in Sources */ = {isa = PBXBuildFile; fileRef = E003F12E1D0D5A0B00C4D140 /* XZXTransitionAnimator.m */; };
		E003F13F1D0F3D2C00C4D140 /* XZXHorizontalWeekCV.m in Sources */ = {isa = PBXBuildFile; fileRef = E003F13E1D0F3D2C00C4D140 /* XZXHorizontalWeekCV.m */; };
		E003F1421D0F441300C4D140 /* XZXDayEventVC.m in Sources */ = {isa = PBXBuildFile; fileRef = E003F1411D0F441300C4D140 /* XZXDayEventVC.m */; };
		E00B22881D1099E300FF8241 /* XZXDayBlockViewModel.m in Sources */ = {isa = PBXBuildFile; fileRef = E00B22871D1099E300FF8241 /* XZXDayBlockViewModel.m */; };
		E00B228B1D1099FB00FF8241 /* XZXCalendarViewModel.m in Sources */ = {isa = PBXBuildFile; fileRef = E00B228A1D1099FB00FF8241 /* XZXCalendarViewModel.m */; };
		E00B228F1D1120A500FF8241 /* XZXCalendarUtil.m in Sources */ = {isa = PBXBuildFile; fileRef = E00B228E1D1120A500FF8241 /* XZXCalendarUtil.m */; };
		E00B22921D12EE0000FF8241 /* XZXDayBlockCVCellViewModel.m in Sources */ = {isa = PBXBuildFile; fileRef = E00B22911D12EE0000FF8241 /* XZXDayBlockCVCellViewModel.m */; };
		E00B22951D16F4F700FF8241 /* XZXDayEvent.m in Sources */ = {isa = PBXBuildFile; fileRef = E00B22941D16F4F700FF8241 /* XZXDayEvent.m */; };
		E00B22A31D182A1E00FF8241 /* XZXDayEventTVCell.m in Sources */ = {isa = PBXBuildFile; fileRef = E00B22A11D182A1E00FF8241 /* XZXDayEventTVCell.m */; };
		E00B22A41D182A1E00FF8241 /* XZXDayEventTVCell.xib in Resources */ = {isa = PBXBuildFile; fileRef = E00B22A21D182A1E00FF8241 /* XZXDayEventTVCell.xib */; };
		E00B22A91D182D8B00FF8241 /* XZXDayEventTVCellViewModel.m in Sources */ = {isa = PBXBuildFile; fileRef = E00B22A81D182D8B00FF8241 /* XZXDayEventTVCellViewModel.m */; };
		E00B22AC1D1844D000FF8241 /* XZXDayEventVCViewModel.m in Sources */ = {isa = PBXBuildFile; fileRef = E00B22AB1D1844D000FF8241 /* XZXDayEventVCViewModel.m */; };
		E00B22B21D1A66AD00FF8241 /* XZXDayBlockCV.m in Sources */ = {isa = PBXBuildFile; fileRef = E00B22B11D1A66AD00FF8241 /* XZXDayBlockCV.m */; };
		E00B22B61D1A74A800FF8241 /* XZXFetchDaysImpl.m in Sources */ = {isa = PBXBuildFile; fileRef = E00B22B51D1A74A800FF8241 /* XZXFetchDaysImpl.m */; };
		E00B22BA1D1A7D6500FF8241 /* XZXCalendarVMServicesImpl.m in Sources */ = {isa = PBXBuildFile; fileRef = E00B22B91D1A7D6500FF8241 /* XZXCalendarVMServicesImpl.m */; };
		E00B22BE1D1A844300FF8241 /* XZXCalendarPage.m in Sources */ = {isa = PBXBuildFile; fileRef = E00B22BD1D1A844300FF8241 /* XZXCalendarPage.m */; };
		E00B22C01D1C30AA00FF8241 /* XZXColor.txt in Resources */ = {isa = PBXBuildFile; fileRef = E00B22BF1D1C30AA00FF8241 /* XZXColor.txt */; };
		E00B22C91D219AFF00FF8241 /* XZXDayBlockCVLayout.m in Sources */ = {isa = PBXBuildFile; fileRef = E00B22C81D219AFF00FF8241 /* XZXDayBlockCVLayout.m */; };
		E00B22CC1D240F0C00FF8241 /* XZXDateUtil.m in Sources */ = {isa = PBXBuildFile; fileRef = E00B22CB1D240F0C00FF8241 /* XZXDateUtil.m */; };
		E00B22D21D2BE18A00FF8241 /* XZXWeekCVLayout.m in Sources */ = {isa = PBXBuildFile; fileRef = E00B22D11D2BE18A00FF8241 /* XZXWeekCVLayout.m */; };
		E00B22D61D2C0D7C00FF8241 /* XZXEventDetailVC.m in Sources */ = {isa = PBXBuildFile; fileRef = E00B22D51D2C0D7C00FF8241 /* XZXEventDetailVC.m */; };
		E00B22DA1D2C0E2000FF8241 /* XZXEventDatilViewModel.m in Sources */ = {isa = PBXBuildFile; fileRef = E00B22D91D2C0E2000FF8241 /* XZXEventDatilViewModel.m */; };
		E046CCE81D3A90BA0081FB45 /* UIView+XZX.m in Sources */ = {isa = PBXBuildFile; fileRef = E046CCE71D3A90BA0081FB45 /* UIView+XZX.m */; };
		E085F0971D07EAF200E91362 /* main.m in Sources */ = {isa = PBXBuildFile; fileRef = E085F0961D07EAF200E91362 /* main.m */; };
		E085F09A1D07EAF200E91362 /* XZXAppDelegate.m in Sources */ = {isa = PBXBuildFile; fileRef = E085F0991D07EAF200E91362 /* XZXAppDelegate.m */; };
		E085F0A01D07EAF200E91362 /* Main.storyboard in Resources */ = {isa = PBXBuildFile; fileRef = E085F09E1D07EAF200E91362 /* Main.storyboard */; };
		E085F0A21D07EAF200E91362 /* Assets.xcassets in Resources */ = {isa = PBXBuildFile; fileRef = E085F0A11D07EAF200E91362 /* Assets.xcassets */; };
		E085F0A51D07EAF200E91362 /* LaunchScreen.storyboard in Resources */ = {isa = PBXBuildFile; fileRef = E085F0A31D07EAF200E91362 /* LaunchScreen.storyboard */; };
		E085F0B01D07EAF200E91362 /* XZXDailyBlockTests.m in Sources */ = {isa = PBXBuildFile; fileRef = E085F0AF1D07EAF200E91362 /* XZXDailyBlockTests.m */; };
		E085F0BB1D07EAF200E91362 /* XZXDailyBlockUITests.m in Sources */ = {isa = PBXBuildFile; fileRef = E085F0BA1D07EAF200E91362 /* XZXDailyBlockUITests.m */; };
		E0C8DF0F1D2EB66600896159 /* XZXClock.m in Sources */ = {isa = PBXBuildFile; fileRef = E0C8DF0E1D2EB66600896159 /* XZXClock.m */; };
		E0C8DF131D2EB6A500896159 /* XZXClockViewModel.m in Sources */ = {isa = PBXBuildFile; fileRef = E0C8DF121D2EB6A500896159 /* XZXClockViewModel.m */; };
/* End PBXBuildFile section */

/* Begin PBXContainerItemProxy section */
		E085F0AC1D07EAF200E91362 /* PBXContainerItemProxy */ = {
			isa = PBXContainerItemProxy;
			containerPortal = E085F08A1D07EAF200E91362 /* Project object */;
			proxyType = 1;
			remoteGlobalIDString = E085F0911D07EAF200E91362;
			remoteInfo = XZXDailyBlock;
		};
		E085F0B71D07EAF200E91362 /* PBXContainerItemProxy */ = {
			isa = PBXContainerItemProxy;
			containerPortal = E085F08A1D07EAF200E91362 /* Project object */;
			proxyType = 1;
			remoteGlobalIDString = E085F0911D07EAF200E91362;
			remoteInfo = XZXDailyBlock;
		};
/* End PBXContainerItemProxy section */

/* Begin PBXFileReference section */
		61DAD466FC8C797782EAFD58 /* libPods-XZXDailyBlock.a */ = {isa = PBXFileReference; explicitFileType = archive.ar; includeInIndex = 0; path = "libPods-XZXDailyBlock.a"; sourceTree = BUILT_PRODUCTS_DIR; };
		7AA9EA26FE8C894537708B90 /* Pods-XZXDailyBlock.debug.xcconfig */ = {isa = PBXFileReference; includeInIndex = 1; lastKnownFileType = text.xcconfig; name = "Pods-XZXDailyBlock.debug.xcconfig"; path = "Pods/Target Support Files/Pods-XZXDailyBlock/Pods-XZXDailyBlock.debug.xcconfig"; sourceTree = "<group>"; };
		AA7FB275B6980A618D84E228 /* Pods-XZXDailyBlock.release.xcconfig */ = {isa = PBXFileReference; includeInIndex = 1; lastKnownFileType = text.xcconfig; name = "Pods-XZXDailyBlock.release.xcconfig"; path = "Pods/Target Support Files/Pods-XZXDailyBlock/Pods-XZXDailyBlock.release.xcconfig"; sourceTree = "<group>"; };
		E003F1101D0BF4B300C4D140 /* XZXCalendarVC.h */ = {isa = PBXFileReference; fileEncoding = 4; lastKnownFileType = sourcecode.c.h; path = XZXCalendarVC.h; sourceTree = "<group>"; };
		E003F1111D0BF4B300C4D140 /* XZXCalendarVC.m */ = {isa = PBXFileReference; fileEncoding = 4; lastKnownFileType = sourcecode.c.objc; path = XZXCalendarVC.m; sourceTree = "<group>"; };
		E003F11A1D0C110400C4D140 /* XZXDay.h */ = {isa = PBXFileReference; fileEncoding = 4; lastKnownFileType = sourcecode.c.h; path = XZXDay.h; sourceTree = "<group>"; };
		E003F11B1D0C110400C4D140 /* XZXDay.m */ = {isa = PBXFileReference; fileEncoding = 4; lastKnownFileType = sourcecode.c.objc; path = XZXDay.m; sourceTree = "<group>"; };
		E003F1201D0C35D900C4D140 /* XZXDayBlockCVCell.h */ = {isa = PBXFileReference; fileEncoding = 4; lastKnownFileType = sourcecode.c.h; path = XZXDayBlockCVCell.h; sourceTree = "<group>"; };
		E003F1211D0C35D900C4D140 /* XZXDayBlockCVCell.m */ = {isa = PBXFileReference; fileEncoding = 4; lastKnownFileType = sourcecode.c.objc; path = XZXDayBlockCVCell.m; sourceTree = "<group>"; };
		E003F12D1D0D5A0B00C4D140 /* XZXTransitionAnimator.h */ = {isa = PBXFileReference; fileEncoding = 4; lastKnownFileType = sourcecode.c.h; path = XZXTransitionAnimator.h; sourceTree = "<group>"; };
		E003F12E1D0D5A0B00C4D140 /* XZXTransitionAnimator.m */ = {isa = PBXFileReference; fileEncoding = 4; lastKnownFileType = sourcecode.c.objc; path = XZXTransitionAnimator.m; sourceTree = "<group>"; };
		E003F13D1D0F3D2C00C4D140 /* XZXHorizontalWeekCV.h */ = {isa = PBXFileReference; fileEncoding = 4; lastKnownFileType = sourcecode.c.h; path = XZXHorizontalWeekCV.h; sourceTree = "<group>"; };
		E003F13E1D0F3D2C00C4D140 /* XZXHorizontalWeekCV.m */ = {isa = PBXFileReference; fileEncoding = 4; lastKnownFileType = sourcecode.c.objc; path = XZXHorizontalWeekCV.m; sourceTree = "<group>"; };
		E003F1401D0F441300C4D140 /* XZXDayEventVC.h */ = {isa = PBXFileReference; fileEncoding = 4; lastKnownFileType = sourcecode.c.h; path = XZXDayEventVC.h; sourceTree = "<group>"; };
		E003F1411D0F441300C4D140 /* XZXDayEventVC.m */ = {isa = PBXFileReference; fileEncoding = 4; lastKnownFileType = sourcecode.c.objc; path = XZXDayEventVC.m; sourceTree = "<group>"; };
		E00B22861D1099E300FF8241 /* XZXDayBlockViewModel.h */ = {isa = PBXFileReference; fileEncoding = 4; lastKnownFileType = sourcecode.c.h; path = XZXDayBlockViewModel.h; sourceTree = "<group>"; };
		E00B22871D1099E300FF8241 /* XZXDayBlockViewModel.m */ = {isa = PBXFileReference; fileEncoding = 4; lastKnownFileType = sourcecode.c.objc; path = XZXDayBlockViewModel.m; sourceTree = "<group>"; };
		E00B22891D1099FB00FF8241 /* XZXCalendarViewModel.h */ = {isa = PBXFileReference; fileEncoding = 4; lastKnownFileType = sourcecode.c.h; path = XZXCalendarViewModel.h; sourceTree = "<group>"; };
		E00B228A1D1099FB00FF8241 /* XZXCalendarViewModel.m */ = {isa = PBXFileReference; fileEncoding = 4; lastKnownFileType = sourcecode.c.objc; path = XZXCalendarViewModel.m; sourceTree = "<group>"; };
		E00B228D1D1120A500FF8241 /* XZXCalendarUtil.h */ = {isa = PBXFileReference; fileEncoding = 4; lastKnownFileType = sourcecode.c.h; path = XZXCalendarUtil.h; sourceTree = "<group>"; };
		E00B228E1D1120A500FF8241 /* XZXCalendarUtil.m */ = {isa = PBXFileReference; fileEncoding = 4; lastKnownFileType = sourcecode.c.objc; path = XZXCalendarUtil.m; sourceTree = "<group>"; };
		E00B22901D12EE0000FF8241 /* XZXDayBlockCVCellViewModel.h */ = {isa = PBXFileReference; fileEncoding = 4; lastKnownFileType = sourcecode.c.h; path = XZXDayBlockCVCellViewModel.h; sourceTree = "<group>"; };
		E00B22911D12EE0000FF8241 /* XZXDayBlockCVCellViewModel.m */ = {isa = PBXFileReference; fileEncoding = 4; lastKnownFileType = sourcecode.c.objc; path = XZXDayBlockCVCellViewModel.m; sourceTree = "<group>"; };
		E00B22931D16F4F700FF8241 /* XZXDayEvent.h */ = {isa = PBXFileReference; fileEncoding = 4; lastKnownFileType = sourcecode.c.h; path = XZXDayEvent.h; sourceTree = "<group>"; };
		E00B22941D16F4F700FF8241 /* XZXDayEvent.m */ = {isa = PBXFileReference; fileEncoding = 4; lastKnownFileType = sourcecode.c.objc; path = XZXDayEvent.m; sourceTree = "<group>"; };
		E00B22A01D182A1E00FF8241 /* XZXDayEventTVCell.h */ = {isa = PBXFileReference; fileEncoding = 4; lastKnownFileType = sourcecode.c.h; path = XZXDayEventTVCell.h; sourceTree = "<group>"; };
		E00B22A11D182A1E00FF8241 /* XZXDayEventTVCell.m */ = {isa = PBXFileReference; fileEncoding = 4; lastKnownFileType = sourcecode.c.objc; path = XZXDayEventTVCell.m; sourceTree = "<group>"; };
		E00B22A21D182A1E00FF8241 /* XZXDayEventTVCell.xib */ = {isa = PBXFileReference; fileEncoding = 4; lastKnownFileType = file.xib; path = XZXDayEventTVCell.xib; sourceTree = "<group>"; };
		E00B22A71D182D8B00FF8241 /* XZXDayEventTVCellViewModel.h */ = {isa = PBXFileReference; fileEncoding = 4; lastKnownFileType = sourcecode.c.h; path = XZXDayEventTVCellViewModel.h; sourceTree = "<group>"; };
		E00B22A81D182D8B00FF8241 /* XZXDayEventTVCellViewModel.m */ = {isa = PBXFileReference; fileEncoding = 4; lastKnownFileType = sourcecode.c.objc; path = XZXDayEventTVCellViewModel.m; sourceTree = "<group>"; };
		E00B22AA1D1844D000FF8241 /* XZXDayEventVCViewModel.h */ = {isa = PBXFileReference; fileEncoding = 4; lastKnownFileType = sourcecode.c.h; path = XZXDayEventVCViewModel.h; sourceTree = "<group>"; };
		E00B22AB1D1844D000FF8241 /* XZXDayEventVCViewModel.m */ = {isa = PBXFileReference; fileEncoding = 4; lastKnownFileType = sourcecode.c.objc; path = XZXDayEventVCViewModel.m; sourceTree = "<group>"; };
		E00B22B01D1A66AD00FF8241 /* XZXDayBlockCV.h */ = {isa = PBXFileReference; fileEncoding = 4; lastKnownFileType = sourcecode.c.h; path = XZXDayBlockCV.h; sourceTree = "<group>"; };
		E00B22B11D1A66AD00FF8241 /* XZXDayBlockCV.m */ = {isa = PBXFileReference; fileEncoding = 4; lastKnownFileType = sourcecode.c.objc; path = XZXDayBlockCV.m; sourceTree = "<group>"; };
		E00B22B31D1A72A300FF8241 /* XZXFetchDays.h */ = {isa = PBXFileReference; fileEncoding = 4; lastKnownFileType = sourcecode.c.h; path = XZXFetchDays.h; sourceTree = "<group>"; };
		E00B22B41D1A74A800FF8241 /* XZXFetchDaysImpl.h */ = {isa = PBXFileReference; fileEncoding = 4; lastKnownFileType = sourcecode.c.h; path = XZXFetchDaysImpl.h; sourceTree = "<group>"; };
		E00B22B51D1A74A800FF8241 /* XZXFetchDaysImpl.m */ = {isa = PBXFileReference; fileEncoding = 4; lastKnownFileType = sourcecode.c.objc; path = XZXFetchDaysImpl.m; sourceTree = "<group>"; };
		E00B22B81D1A7D6500FF8241 /* XZXCalendarVMServicesImpl.h */ = {isa = PBXFileReference; fileEncoding = 4; lastKnownFileType = sourcecode.c.h; path = XZXCalendarVMServicesImpl.h; sourceTree = "<group>"; };
		E00B22B91D1A7D6500FF8241 /* XZXCalendarVMServicesImpl.m */ = {isa = PBXFileReference; fileEncoding = 4; lastKnownFileType = sourcecode.c.objc; path = XZXCalendarVMServicesImpl.m; sourceTree = "<group>"; };
		E00B22BB1D1A7E9D00FF8241 /* XZXCalendarVMServices.h */ = {isa = PBXFileReference; fileEncoding = 4; lastKnownFileType = sourcecode.c.h; path = XZXCalendarVMServices.h; sourceTree = "<group>"; };
		E00B22BC1D1A844300FF8241 /* XZXCalendarPage.h */ = {isa = PBXFileReference; fileEncoding = 4; lastKnownFileType = sourcecode.c.h; path = XZXCalendarPage.h; sourceTree = "<group>"; };
		E00B22BD1D1A844300FF8241 /* XZXCalendarPage.m */ = {isa = PBXFileReference; fileEncoding = 4; lastKnownFileType = sourcecode.c.objc; path = XZXCalendarPage.m; sourceTree = "<group>"; };
		E00B22BF1D1C30AA00FF8241 /* XZXColor.txt */ = {isa = PBXFileReference; fileEncoding = 4; lastKnownFileType = text; path = XZXColor.txt; sourceTree = "<group>"; };
		E00B22C71D219AFF00FF8241 /* XZXDayBlockCVLayout.h */ = {isa = PBXFileReference; fileEncoding = 4; lastKnownFileType = sourcecode.c.h; path = XZXDayBlockCVLayout.h; sourceTree = "<group>"; };
		E00B22C81D219AFF00FF8241 /* XZXDayBlockCVLayout.m */ = {isa = PBXFileReference; fileEncoding = 4; lastKnownFileType = sourcecode.c.objc; path = XZXDayBlockCVLayout.m; sourceTree = "<group>"; };
		E00B22CA1D240F0C00FF8241 /* XZXDateUtil.h */ = {isa = PBXFileReference; fileEncoding = 4; lastKnownFileType = sourcecode.c.h; path = XZXDateUtil.h; sourceTree = "<group>"; };
		E00B22CB1D240F0C00FF8241 /* XZXDateUtil.m */ = {isa = PBXFileReference; fileEncoding = 4; lastKnownFileType = sourcecode.c.objc; path = XZXDateUtil.m; sourceTree = "<group>"; };
		E00B22D01D2BE18A00FF8241 /* XZXWeekCVLayout.h */ = {isa = PBXFileReference; fileEncoding = 4; lastKnownFileType = sourcecode.c.h; path = XZXWeekCVLayout.h; sourceTree = "<group>"; };
		E00B22D11D2BE18A00FF8241 /* XZXWeekCVLayout.m */ = {isa = PBXFileReference; fileEncoding = 4; lastKnownFileType = sourcecode.c.objc; path = XZXWeekCVLayout.m; sourceTree = "<group>"; };
		E00B22D41D2C0D7C00FF8241 /* XZXEventDetailVC.h */ = {isa = PBXFileReference; fileEncoding = 4; lastKnownFileType = sourcecode.c.h; path = XZXEventDetailVC.h; sourceTree = "<group>"; };
		E00B22D51D2C0D7C00FF8241 /* XZXEventDetailVC.m */ = {isa = PBXFileReference; fileEncoding = 4; lastKnownFileType = sourcecode.c.objc; path = XZXEventDetailVC.m; sourceTree = "<group>"; };
		E00B22D81D2C0E2000FF8241 /* XZXEventDatilViewModel.h */ = {isa = PBXFileReference; fileEncoding = 4; lastKnownFileType = sourcecode.c.h; path = XZXEventDatilViewModel.h; sourceTree = "<group>"; };
		E00B22D91D2C0E2000FF8241 /* XZXEventDatilViewModel.m */ = {isa = PBXFileReference; fileEncoding = 4; lastKnownFileType = sourcecode.c.objc; path = XZXEventDatilViewModel.m; sourceTree = "<group>"; };
		E046CCE61D3A90BA0081FB45 /* UIView+XZX.h */ = {isa = PBXFileReference; fileEncoding = 4; lastKnownFileType = sourcecode.c.h; path = "UIView+XZX.h"; sourceTree = "<group>"; };
		E046CCE71D3A90BA0081FB45 /* UIView+XZX.m */ = {isa = PBXFileReference; fileEncoding = 4; lastKnownFileType = sourcecode.c.objc; path = "UIView+XZX.m"; sourceTree = "<group>"; };
		E085F0921D07EAF200E91362 /* XZXDailyBlock.app */ = {isa = PBXFileReference; explicitFileType = wrapper.application; includeInIndex = 0; path = XZXDailyBlock.app; sourceTree = BUILT_PRODUCTS_DIR; };
		E085F0961D07EAF200E91362 /* main.m */ = {isa = PBXFileReference; lastKnownFileType = sourcecode.c.objc; path = main.m; sourceTree = "<group>"; };
		E085F0981D07EAF200E91362 /* XZXAppDelegate.h */ = {isa = PBXFileReference; lastKnownFileType = sourcecode.c.h; path = XZXAppDelegate.h; sourceTree = "<group>"; };
		E085F0991D07EAF200E91362 /* XZXAppDelegate.m */ = {isa = PBXFileReference; lastKnownFileType = sourcecode.c.objc; path = XZXAppDelegate.m; sourceTree = "<group>"; };
		E085F09F1D07EAF200E91362 /* Base */ = {isa = PBXFileReference; lastKnownFileType = file.storyboard; name = Base; path = Base.lproj/Main.storyboard; sourceTree = "<group>"; };
		E085F0A11D07EAF200E91362 /* Assets.xcassets */ = {isa = PBXFileReference; lastKnownFileType = folder.assetcatalog; path = Assets.xcassets; sourceTree = "<group>"; };
		E085F0A41D07EAF200E91362 /* Base */ = {isa = PBXFileReference; lastKnownFileType = file.storyboard; name = Base; path = Base.lproj/LaunchScreen.storyboard; sourceTree = "<group>"; };
		E085F0A61D07EAF200E91362 /* Info.plist */ = {isa = PBXFileReference; lastKnownFileType = text.plist.xml; path = Info.plist; sourceTree = "<group>"; };
		E085F0AB1D07EAF200E91362 /* XZXDailyBlockTests.xctest */ = {isa = PBXFileReference; explicitFileType = wrapper.cfbundle; includeInIndex = 0; path = XZXDailyBlockTests.xctest; sourceTree = BUILT_PRODUCTS_DIR; };
		E085F0AF1D07EAF200E91362 /* XZXDailyBlockTests.m */ = {isa = PBXFileReference; lastKnownFileType = sourcecode.c.objc; path = XZXDailyBlockTests.m; sourceTree = "<group>"; };
		E085F0B11D07EAF200E91362 /* Info.plist */ = {isa = PBXFileReference; lastKnownFileType = text.plist.xml; path = Info.plist; sourceTree = "<group>"; };
		E085F0B61D07EAF200E91362 /* XZXDailyBlockUITests.xctest */ = {isa = PBXFileReference; explicitFileType = wrapper.cfbundle; includeInIndex = 0; path = XZXDailyBlockUITests.xctest; sourceTree = BUILT_PRODUCTS_DIR; };
		E085F0BA1D07EAF200E91362 /* XZXDailyBlockUITests.m */ = {isa = PBXFileReference; lastKnownFileType = sourcecode.c.objc; path = XZXDailyBlockUITests.m; sourceTree = "<group>"; };
		E085F0BC1D07EAF200E91362 /* Info.plist */ = {isa = PBXFileReference; lastKnownFileType = text.plist.xml; path = Info.plist; sourceTree = "<group>"; };
		E085F0C81D07EC5400E91362 /* zh-Hans */ = {isa = PBXFileReference; lastKnownFileType = text.plist.strings; name = "zh-Hans"; path = "zh-Hans.lproj/Main.strings"; sourceTree = "<group>"; };
		E085F0C91D07EC5500E91362 /* zh-Hans */ = {isa = PBXFileReference; lastKnownFileType = text.plist.strings; name = "zh-Hans"; path = "zh-Hans.lproj/LaunchScreen.strings"; sourceTree = "<group>"; };
		E0C8DF0D1D2EB66600896159 /* XZXClock.h */ = {isa = PBXFileReference; fileEncoding = 4; lastKnownFileType = sourcecode.c.h; path = XZXClock.h; sourceTree = "<group>"; };
		E0C8DF0E1D2EB66600896159 /* XZXClock.m */ = {isa = PBXFileReference; fileEncoding = 4; lastKnownFileType = sourcecode.c.objc; path = XZXClock.m; sourceTree = "<group>"; };
		E0C8DF111D2EB6A500896159 /* XZXClockViewModel.h */ = {isa = PBXFileReference; fileEncoding = 4; lastKnownFileType = sourcecode.c.h; path = XZXClockViewModel.h; sourceTree = "<group>"; };
		E0C8DF121D2EB6A500896159 /* XZXClockViewModel.m */ = {isa = PBXFileReference; fileEncoding = 4; lastKnownFileType = sourcecode.c.objc; path = XZXClockViewModel.m; sourceTree = "<group>"; };
/* End PBXFileReference section */

/* Begin PBXFrameworksBuildPhase section */
		E085F08F1D07EAF200E91362 /* Frameworks */ = {
			isa = PBXFrameworksBuildPhase;
			buildActionMask = 2147483647;
			files = (
				3ADDFADF0ED9886C71FBB6B3 /* libPods-XZXDailyBlock.a in Frameworks */,
			);
			runOnlyForDeploymentPostprocessing = 0;
		};
		E085F0A81D07EAF200E91362 /* Frameworks */ = {
			isa = PBXFrameworksBuildPhase;
			buildActionMask = 2147483647;
			files = (
			);
			runOnlyForDeploymentPostprocessing = 0;
		};
		E085F0B31D07EAF200E91362 /* Frameworks */ = {
			isa = PBXFrameworksBuildPhase;
			buildActionMask = 2147483647;
			files = (
			);
			runOnlyForDeploymentPostprocessing = 0;
		};
/* End PBXFrameworksBuildPhase section */

/* Begin PBXGroup section */
		C4D3C9AC2440097D3DE6B2B1 /* Frameworks */ = {
			isa = PBXGroup;
			children = (
				61DAD466FC8C797782EAFD58 /* libPods-XZXDailyBlock.a */,
			);
			name = Frameworks;
			sourceTree = "<group>";
		};
		E003F1261D0D3F6600C4D140 /* TransitionAnimation */ = {
			isa = PBXGroup;
			children = (
				E003F12D1D0D5A0B00C4D140 /* XZXTransitionAnimator.h */,
				E003F12E1D0D5A0B00C4D140 /* XZXTransitionAnimator.m */,
			);
			name = TransitionAnimation;
			sourceTree = "<group>";
		};
		E00B228C1D11201600FF8241 /* Utils */ = {
			isa = PBXGroup;
			children = (
				E00B228D1D1120A500FF8241 /* XZXCalendarUtil.h */,
				E00B228E1D1120A500FF8241 /* XZXCalendarUtil.m */,
				E00B22CA1D240F0C00FF8241 /* XZXDateUtil.h */,
				E00B22CB1D240F0C00FF8241 /* XZXDateUtil.m */,
			);
			name = Utils;
			sourceTree = "<group>";
		};
		E00B22961D1822EF00FF8241 /* Calendar */ = {
			isa = PBXGroup;
			children = (
				E003F1101D0BF4B300C4D140 /* XZXCalendarVC.h */,
				E003F1111D0BF4B300C4D140 /* XZXCalendarVC.m */,
				E003F1201D0C35D900C4D140 /* XZXDayBlockCVCell.h */,
				E003F1211D0C35D900C4D140 /* XZXDayBlockCVCell.m */,
				E00B22B01D1A66AD00FF8241 /* XZXDayBlockCV.h */,
				E00B22B11D1A66AD00FF8241 /* XZXDayBlockCV.m */,
				E00B22C71D219AFF00FF8241 /* XZXDayBlockCVLayout.h */,
				E00B22C81D219AFF00FF8241 /* XZXDayBlockCVLayout.m */,
			);
			name = Calendar;
			sourceTree = "<group>";
		};
		E00B22971D18234300FF8241 /* DayEvent */ = {
			isa = PBXGroup;
			children = (
				E003F1401D0F441300C4D140 /* XZXDayEventVC.h */,
				E003F1411D0F441300C4D140 /* XZXDayEventVC.m */,
				E003F13D1D0F3D2C00C4D140 /* XZXHorizontalWeekCV.h */,
				E003F13E1D0F3D2C00C4D140 /* XZXHorizontalWeekCV.m */,
				E00B22A01D182A1E00FF8241 /* XZXDayEventTVCell.h */,
				E00B22A11D182A1E00FF8241 /* XZXDayEventTVCell.m */,
				E00B22A21D182A1E00FF8241 /* XZXDayEventTVCell.xib */,
				E00B22D01D2BE18A00FF8241 /* XZXWeekCVLayout.h */,
				E00B22D11D2BE18A00FF8241 /* XZXWeekCVLayout.m */,
			);
			name = DayEvent;
			sourceTree = "<group>";
		};
		E00B22A51D182D4200FF8241 /* Calendar */ = {
			isa = PBXGroup;
			children = (
				E00B22861D1099E300FF8241 /* XZXDayBlockViewModel.h */,
				E00B22871D1099E300FF8241 /* XZXDayBlockViewModel.m */,
				E00B22891D1099FB00FF8241 /* XZXCalendarViewModel.h */,
				E00B228A1D1099FB00FF8241 /* XZXCalendarViewModel.m */,
				E00B22BB1D1A7E9D00FF8241 /* XZXCalendarVMServices.h */,
			);
			name = Calendar;
			sourceTree = "<group>";
		};
		E00B22A61D182D5900FF8241 /* DayEvent */ = {
			isa = PBXGroup;
			children = (
				E00B22A71D182D8B00FF8241 /* XZXDayEventTVCellViewModel.h */,
				E00B22A81D182D8B00FF8241 /* XZXDayEventTVCellViewModel.m */,
				E00B22AA1D1844D000FF8241 /* XZXDayEventVCViewModel.h */,
				E00B22AB1D1844D000FF8241 /* XZXDayEventVCViewModel.m */,
			);
			name = DayEvent;
			sourceTree = "<group>";
		};
		E00B22D31D2C0D4C00FF8241 /* EventDetail */ = {
			isa = PBXGroup;
			children = (
				E00B22D41D2C0D7C00FF8241 /* XZXEventDetailVC.h */,
				E00B22D51D2C0D7C00FF8241 /* XZXEventDetailVC.m */,
			);
			name = EventDetail;
			sourceTree = "<group>";
		};
		E00B22D71D2C0D8600FF8241 /* EventDetail */ = {
			isa = PBXGroup;
			children = (
				E00B22D81D2C0E2000FF8241 /* XZXEventDatilViewModel.h */,
				E00B22D91D2C0E2000FF8241 /* XZXEventDatilViewModel.m */,
			);
			name = EventDetail;
			sourceTree = "<group>";
		};
		E085F0891D07EAF200E91362 = {
			isa = PBXGroup;
			children = (
				E085F0941D07EAF200E91362 /* XZXDailyBlock */,
				E085F0AE1D07EAF200E91362 /* XZXDailyBlockTests */,
				E085F0B91D07EAF200E91362 /* XZXDailyBlockUITests */,
				E085F0931D07EAF200E91362 /* Products */,
				F94EC78D6ABC4090F24164C7 /* Pods */,
				C4D3C9AC2440097D3DE6B2B1 /* Frameworks */,
			);
			sourceTree = "<group>";
		};
		E085F0931D07EAF200E91362 /* Products */ = {
			isa = PBXGroup;
			children = (
				E085F0921D07EAF200E91362 /* XZXDailyBlock.app */,
				E085F0AB1D07EAF200E91362 /* XZXDailyBlockTests.xctest */,
				E085F0B61D07EAF200E91362 /* XZXDailyBlockUITests.xctest */,
			);
			name = Products;
			sourceTree = "<group>";
		};
		E085F0941D07EAF200E91362 /* XZXDailyBlock */ = {
			isa = PBXGroup;
			children = (
				E0B904851D08411C002CFE5D /* DailyBlock */,
				E0B904821D0840AE002CFE5D /* Model */,
				E0B904841D084108002CFE5D /* ViewModel */,
				E0B904831D0840FA002CFE5D /* View */,
				E00B228C1D11201600FF8241 /* Utils */,
				E003F1261D0D3F6600C4D140 /* TransitionAnimation */,
				E0B904871D084652002CFE5D /* Recource */,
				E085F0951D07EAF200E91362 /* Supporting Files */,
			);
			path = XZXDailyBlock;
			sourceTree = "<group>";
		};
		E085F0951D07EAF200E91362 /* Supporting Files */ = {
			isa = PBXGroup;
			children = (
				E085F0961D07EAF200E91362 /* main.m */,
			);
			name = "Supporting Files";
			sourceTree = "<group>";
		};
		E085F0AE1D07EAF200E91362 /* XZXDailyBlockTests */ = {
			isa = PBXGroup;
			children = (
				E085F0AF1D07EAF200E91362 /* XZXDailyBlockTests.m */,
				E085F0B11D07EAF200E91362 /* Info.plist */,
			);
			path = XZXDailyBlockTests;
			sourceTree = "<group>";
		};
		E085F0B91D07EAF200E91362 /* XZXDailyBlockUITests */ = {
			isa = PBXGroup;
			children = (
				E085F0BA1D07EAF200E91362 /* XZXDailyBlockUITests.m */,
				E085F0BC1D07EAF200E91362 /* Info.plist */,
			);
			path = XZXDailyBlockUITests;
			sourceTree = "<group>";
		};
		E0B904821D0840AE002CFE5D /* Model */ = {
			isa = PBXGroup;
			children = (
				E00B22B31D1A72A300FF8241 /* XZXFetchDays.h */,
				E00B22B41D1A74A800FF8241 /* XZXFetchDaysImpl.h */,
				E00B22B51D1A74A800FF8241 /* XZXFetchDaysImpl.m */,
				E003F11A1D0C110400C4D140 /* XZXDay.h */,
				E003F11B1D0C110400C4D140 /* XZXDay.m */,
				E00B22931D16F4F700FF8241 /* XZXDayEvent.h */,
				E00B22941D16F4F700FF8241 /* XZXDayEvent.m */,
				E00B22BC1D1A844300FF8241 /* XZXCalendarPage.h */,
				E00B22BD1D1A844300FF8241 /* XZXCalendarPage.m */,
			);
			name = Model;
			sourceTree = "<group>";
		};
		E0B904831D0840FA002CFE5D /* View */ = {
			isa = PBXGroup;
			children = (
				E085F09E1D07EAF200E91362 /* Main.storyboard */,
				E00B22961D1822EF00FF8241 /* Calendar */,
				E00B22971D18234300FF8241 /* DayEvent */,
				E00B22D31D2C0D4C00FF8241 /* EventDetail */,
				E0C8DF0C1D2EB64400896159 /* Clock */,
			);
			name = View;
			sourceTree = "<group>";
		};
		E0B904841D084108002CFE5D /* ViewModel */ = {
			isa = PBXGroup;
			children = (
				E00B22901D12EE0000FF8241 /* XZXDayBlockCVCellViewModel.h */,
				E00B22911D12EE0000FF8241 /* XZXDayBlockCVCellViewModel.m */,
				E00B22A51D182D4200FF8241 /* Calendar */,
				E00B22A61D182D5900FF8241 /* DayEvent */,
				E00B22D71D2C0D8600FF8241 /* EventDetail */,
				E0C8DF101D2EB67900896159 /* Clock */,
			);
			name = ViewModel;
			sourceTree = "<group>";
		};
		E0B904851D08411C002CFE5D /* DailyBlock */ = {
			isa = PBXGroup;
			children = (
				E00B22B81D1A7D6500FF8241 /* XZXCalendarVMServicesImpl.h */,
				E00B22B91D1A7D6500FF8241 /* XZXCalendarVMServicesImpl.m */,
				E085F0981D07EAF200E91362 /* XZXAppDelegate.h */,
				E085F0991D07EAF200E91362 /* XZXAppDelegate.m */,
				E046CCE61D3A90BA0081FB45 /* UIView+XZX.h */,
				E046CCE71D3A90BA0081FB45 /* UIView+XZX.m */,
				E085F0A31D07EAF200E91362 /* LaunchScreen.storyboard */,
				E085F0A61D07EAF200E91362 /* Info.plist */,
			);
			name = DailyBlock;
			sourceTree = "<group>";
		};
		E0B904871D084652002CFE5D /* Recource */ = {
			isa = PBXGroup;
			children = (
				E00B22BF1D1C30AA00FF8241 /* XZXColor.txt */,
				E085F0A11D07EAF200E91362 /* Assets.xcassets */,
			);
			name = Recource;
			sourceTree = "<group>";
		};
		E0C8DF0C1D2EB64400896159 /* Clock */ = {
			isa = PBXGroup;
			children = (
				E0C8DF0D1D2EB66600896159 /* XZXClock.h */,
				E0C8DF0E1D2EB66600896159 /* XZXClock.m */,
			);
			name = Clock;
			sourceTree = "<group>";
		};
		E0C8DF101D2EB67900896159 /* Clock */ = {
			isa = PBXGroup;
			children = (
				E0C8DF111D2EB6A500896159 /* XZXClockViewModel.h */,
				E0C8DF121D2EB6A500896159 /* XZXClockViewModel.m */,
			);
			name = Clock;
			sourceTree = "<group>";
		};
		F94EC78D6ABC4090F24164C7 /* Pods */ = {
			isa = PBXGroup;
			children = (
				7AA9EA26FE8C894537708B90 /* Pods-XZXDailyBlock.debug.xcconfig */,
				AA7FB275B6980A618D84E228 /* Pods-XZXDailyBlock.release.xcconfig */,
			);
			name = Pods;
			sourceTree = "<group>";
		};
/* End PBXGroup section */

/* Begin PBXNativeTarget section */
		E085F0911D07EAF200E91362 /* XZXDailyBlock */ = {
			isa = PBXNativeTarget;
			buildConfigurationList = E085F0BF1D07EAF200E91362 /* Build configuration list for PBXNativeTarget "XZXDailyBlock" */;
			buildPhases = (
				4AE4612C4F0C2704B3EC7E51 /* [CP] Check Pods Manifest.lock */,
				E085F08E1D07EAF200E91362 /* Sources */,
				E085F08F1D07EAF200E91362 /* Frameworks */,
				E085F0901D07EAF200E91362 /* Resources */,
				EDCB40B9EDAA8ADD973121D9 /* [CP] Embed Pods Frameworks */,
				F65CABAEF22D7611891840DA /* [CP] Copy Pods Resources */,
			);
			buildRules = (
			);
			dependencies = (
			);
			name = XZXDailyBlock;
			productName = XZXDailyBlock;
			productReference = E085F0921D07EAF200E91362 /* XZXDailyBlock.app */;
			productType = "com.apple.product-type.application";
		};
		E085F0AA1D07EAF200E91362 /* XZXDailyBlockTests */ = {
			isa = PBXNativeTarget;
			buildConfigurationList = E085F0C21D07EAF200E91362 /* Build configuration list for PBXNativeTarget "XZXDailyBlockTests" */;
			buildPhases = (
				E085F0A71D07EAF200E91362 /* Sources */,
				E085F0A81D07EAF200E91362 /* Frameworks */,
				E085F0A91D07EAF200E91362 /* Resources */,
			);
			buildRules = (
			);
			dependencies = (
				E085F0AD1D07EAF200E91362 /* PBXTargetDependency */,
			);
			name = XZXDailyBlockTests;
			productName = XZXDailyBlockTests;
			productReference = E085F0AB1D07EAF200E91362 /* XZXDailyBlockTests.xctest */;
			productType = "com.apple.product-type.bundle.unit-test";
		};
		E085F0B51D07EAF200E91362 /* XZXDailyBlockUITests */ = {
			isa = PBXNativeTarget;
			buildConfigurationList = E085F0C51D07EAF200E91362 /* Build configuration list for PBXNativeTarget "XZXDailyBlockUITests" */;
			buildPhases = (
				E085F0B21D07EAF200E91362 /* Sources */,
				E085F0B31D07EAF200E91362 /* Frameworks */,
				E085F0B41D07EAF200E91362 /* Resources */,
			);
			buildRules = (
			);
			dependencies = (
				E085F0B81D07EAF200E91362 /* PBXTargetDependency */,
			);
			name = XZXDailyBlockUITests;
			productName = XZXDailyBlockUITests;
			productReference = E085F0B61D07EAF200E91362 /* XZXDailyBlockUITests.xctest */;
			productType = "com.apple.product-type.bundle.ui-testing";
		};
/* End PBXNativeTarget section */

/* Begin PBXProject section */
		E085F08A1D07EAF200E91362 /* Project object */ = {
			isa = PBXProject;
			attributes = {
				CLASSPREFIX = XZX;
				LastUpgradeCheck = 0730;
				ORGANIZATIONNAME = "陈知行";
				TargetAttributes = {
					E085F0911D07EAF200E91362 = {
						CreatedOnToolsVersion = 7.3.1;
					};
					E085F0AA1D07EAF200E91362 = {
						CreatedOnToolsVersion = 7.3.1;
						TestTargetID = E085F0911D07EAF200E91362;
					};
					E085F0B51D07EAF200E91362 = {
						CreatedOnToolsVersion = 7.3.1;
						TestTargetID = E085F0911D07EAF200E91362;
					};
				};
			};
			buildConfigurationList = E085F08D1D07EAF200E91362 /* Build configuration list for PBXProject "XZXDailyBlock" */;
			compatibilityVersion = "Xcode 3.2";
			developmentRegion = English;
			hasScannedForEncodings = 0;
			knownRegions = (
				en,
				Base,
			);
			mainGroup = E085F0891D07EAF200E91362;
			productRefGroup = E085F0931D07EAF200E91362 /* Products */;
			projectDirPath = "";
			projectRoot = "";
			targets = (
				E085F0911D07EAF200E91362 /* XZXDailyBlock */,
				E085F0AA1D07EAF200E91362 /* XZXDailyBlockTests */,
				E085F0B51D07EAF200E91362 /* XZXDailyBlockUITests */,
			);
		};
/* End PBXProject section */

/* Begin PBXResourcesBuildPhase section */
		E085F0901D07EAF200E91362 /* Resources */ = {
			isa = PBXResourcesBuildPhase;
			buildActionMask = 2147483647;
			files = (
				E085F0A51D07EAF200E91362 /* LaunchScreen.storyboard in Resources */,
				E085F0A21D07EAF200E91362 /* Assets.xcassets in Resources */,
				E00B22C01D1C30AA00FF8241 /* XZXColor.txt in Resources */,
				E00B22A41D182A1E00FF8241 /* XZXDayEventTVCell.xib in Resources */,
				E085F0A01D07EAF200E91362 /* Main.storyboard in Resources */,
			);
			runOnlyForDeploymentPostprocessing = 0;
		};
		E085F0A91D07EAF200E91362 /* Resources */ = {
			isa = PBXResourcesBuildPhase;
			buildActionMask = 2147483647;
			files = (
			);
			runOnlyForDeploymentPostprocessing = 0;
		};
		E085F0B41D07EAF200E91362 /* Resources */ = {
			isa = PBXResourcesBuildPhase;
			buildActionMask = 2147483647;
			files = (
			);
			runOnlyForDeploymentPostprocessing = 0;
		};
/* End PBXResourcesBuildPhase section */

/* Begin PBXShellScriptBuildPhase section */
		4AE4612C4F0C2704B3EC7E51 /* [CP] Check Pods Manifest.lock */ = {
			isa = PBXShellScriptBuildPhase;
			buildActionMask = 2147483647;
			files = (
			);
			inputPaths = (
			);
			name = "[CP] Check Pods Manifest.lock";
			outputPaths = (
			);
			runOnlyForDeploymentPostprocessing = 0;
			shellPath = /bin/sh;
			shellScript = "diff \"${PODS_ROOT}/../Podfile.lock\" \"${PODS_ROOT}/Manifest.lock\" > /dev/null\nif [[ $? != 0 ]] ; then\n    cat << EOM\nerror: The sandbox is not in sync with the Podfile.lock. Run 'pod install' or update your CocoaPods installation.\nEOM\n    exit 1\nfi\n";
			showEnvVarsInLog = 0;
		};
		EDCB40B9EDAA8ADD973121D9 /* [CP] Embed Pods Frameworks */ = {
			isa = PBXShellScriptBuildPhase;
			buildActionMask = 2147483647;
			files = (
			);
			inputPaths = (
			);
			name = "[CP] Embed Pods Frameworks";
			outputPaths = (
			);
			runOnlyForDeploymentPostprocessing = 0;
			shellPath = /bin/sh;
			shellScript = "\"${SRCROOT}/Pods/Target Support Files/Pods-XZXDailyBlock/Pods-XZXDailyBlock-frameworks.sh\"\n";
			showEnvVarsInLog = 0;
		};
		F65CABAEF22D7611891840DA /* [CP] Copy Pods Resources */ = {
			isa = PBXShellScriptBuildPhase;
			buildActionMask = 2147483647;
			files = (
			);
			inputPaths = (
			);
			name = "[CP] Copy Pods Resources";
			outputPaths = (
			);
			runOnlyForDeploymentPostprocessing = 0;
			shellPath = /bin/sh;
			shellScript = "\"${SRCROOT}/Pods/Target Support Files/Pods-XZXDailyBlock/Pods-XZXDailyBlock-resources.sh\"\n";
			showEnvVarsInLog = 0;
		};
/* End PBXShellScriptBuildPhase section */

/* Begin PBXSourcesBuildPhase section */
		E085F08E1D07EAF200E91362 /* Sources */ = {
			isa = PBXSourcesBuildPhase;
			buildActionMask = 2147483647;
			files = (
				E00B22951D16F4F700FF8241 /* XZXDayEvent.m in Sources */,
				E00B22CC1D240F0C00FF8241 /* XZXDateUtil.m in Sources */,
				E085F09A1D07EAF200E91362 /* XZXAppDelegate.m in Sources */,
				E00B22BE1D1A844300FF8241 /* XZXCalendarPage.m in Sources */,
				E00B22881D1099E300FF8241 /* XZXDayBlockViewModel.m in Sources */,
				E003F1421D0F441300C4D140 /* XZXDayEventVC.m in Sources */,
				E003F1231D0C35D900C4D140 /* XZXDayBlockCVCell.m in Sources */,
				E00B228B1D1099FB00FF8241 /* XZXCalendarViewModel.m in Sources */,
				E00B22B21D1A66AD00FF8241 /* XZXDayBlockCV.m in Sources */,
				E046CCE81D3A90BA0081FB45 /* UIView+XZX.m in Sources */,
				E0C8DF0F1D2EB66600896159 /* XZXClock.m in Sources */,
				E00B22AC1D1844D000FF8241 /* XZXDayEventVCViewModel.m in Sources */,
				E00B22DA1D2C0E2000FF8241 /* XZXEventDatilViewModel.m in Sources */,
				E00B22921D12EE0000FF8241 /* XZXDayBlockCVCellViewModel.m in Sources */,
				E00B22A91D182D8B00FF8241 /* XZXDayEventTVCellViewModel.m in Sources */,
				E003F12F1D0D5A0B00C4D140 /* XZXTransitionAnimator.m in Sources */,
				E00B22D61D2C0D7C00FF8241 /* XZXEventDetailVC.m in Sources */,
				E00B228F1D1120A500FF8241 /* XZXCalendarUtil.m in Sources */,
				E00B22B61D1A74A800FF8241 /* XZXFetchDaysImpl.m in Sources */,
				E003F1131D0BF4B300C4D140 /* XZXCalendarVC.m in Sources */,
				E085F0971D07EAF200E91362 /* main.m in Sources */,
				E003F13F1D0F3D2C00C4D140 /* XZXHorizontalWeekCV.m in Sources */,
				E003F11C1D0C110400C4D140 /* XZXDay.m in Sources */,
				E00B22A31D182A1E00FF8241 /* XZXDayEventTVCell.m in Sources */,
				E00B22C91D219AFF00FF8241 /* XZXDayBlockCVLayout.m in Sources */,
				E0C8DF131D2EB6A500896159 /* XZXClockViewModel.m in Sources */,
				E00B22BA1D1A7D6500FF8241 /* XZXCalendarVMServicesImpl.m in Sources */,
				E00B22D21D2BE18A00FF8241 /* XZXWeekCVLayout.m in Sources */,
			);
			runOnlyForDeploymentPostprocessing = 0;
		};
		E085F0A71D07EAF200E91362 /* Sources */ = {
			isa = PBXSourcesBuildPhase;
			buildActionMask = 2147483647;
			files = (
				E085F0B01D07EAF200E91362 /* XZXDailyBlockTests.m in Sources */,
			);
			runOnlyForDeploymentPostprocessing = 0;
		};
		E085F0B21D07EAF200E91362 /* Sources */ = {
			isa = PBXSourcesBuildPhase;
			buildActionMask = 2147483647;
			files = (
				E085F0BB1D07EAF200E91362 /* XZXDailyBlockUITests.m in Sources */,
			);
			runOnlyForDeploymentPostprocessing = 0;
		};
/* End PBXSourcesBuildPhase section */

/* Begin PBXTargetDependency section */
		E085F0AD1D07EAF200E91362 /* PBXTargetDependency */ = {
			isa = PBXTargetDependency;
			target = E085F0911D07EAF200E91362 /* XZXDailyBlock */;
			targetProxy = E085F0AC1D07EAF200E91362 /* PBXContainerItemProxy */;
		};
		E085F0B81D07EAF200E91362 /* PBXTargetDependency */ = {
			isa = PBXTargetDependency;
			target = E085F0911D07EAF200E91362 /* XZXDailyBlock */;
			targetProxy = E085F0B71D07EAF200E91362 /* PBXContainerItemProxy */;
		};
/* End PBXTargetDependency section */

/* Begin PBXVariantGroup section */
		E085F09E1D07EAF200E91362 /* Main.storyboard */ = {
			isa = PBXVariantGroup;
			children = (
				E085F09F1D07EAF200E91362 /* Base */,
				E085F0C81D07EC5400E91362 /* zh-Hans */,
			);
			name = Main.storyboard;
			sourceTree = "<group>";
		};
		E085F0A31D07EAF200E91362 /* LaunchScreen.storyboard */ = {
			isa = PBXVariantGroup;
			children = (
				E085F0A41D07EAF200E91362 /* Base */,
				E085F0C91D07EC5500E91362 /* zh-Hans */,
			);
			name = LaunchScreen.storyboard;
			sourceTree = "<group>";
		};
/* End PBXVariantGroup section */

/* Begin XCBuildConfiguration section */
		E085F0BD1D07EAF200E91362 /* Debug */ = {
			isa = XCBuildConfiguration;
			buildSettings = {
				ALWAYS_SEARCH_USER_PATHS = NO;
				CLANG_ANALYZER_NONNULL = YES;
				CLANG_CXX_LANGUAGE_STANDARD = "gnu++0x";
				CLANG_CXX_LIBRARY = "libc++";
				CLANG_ENABLE_MODULES = YES;
				CLANG_ENABLE_OBJC_ARC = YES;
				CLANG_WARN_BOOL_CONVERSION = YES;
				CLANG_WARN_CONSTANT_CONVERSION = YES;
				CLANG_WARN_DIRECT_OBJC_ISA_USAGE = YES_ERROR;
				CLANG_WARN_EMPTY_BODY = YES;
				CLANG_WARN_ENUM_CONVERSION = YES;
				CLANG_WARN_INT_CONVERSION = YES;
				CLANG_WARN_OBJC_ROOT_CLASS = YES_ERROR;
				CLANG_WARN_UNREACHABLE_CODE = YES;
				CLANG_WARN__DUPLICATE_METHOD_MATCH = YES;
				"CODE_SIGN_IDENTITY[sdk=iphoneos*]" = "iPhone Developer";
				COPY_PHASE_STRIP = NO;
				DEBUG_INFORMATION_FORMAT = dwarf;
				ENABLE_STRICT_OBJC_MSGSEND = YES;
				ENABLE_TESTABILITY = YES;
				GCC_C_LANGUAGE_STANDARD = gnu99;
				GCC_DYNAMIC_NO_PIC = NO;
				GCC_NO_COMMON_BLOCKS = YES;
				GCC_OPTIMIZATION_LEVEL = 0;
				GCC_PREPROCESSOR_DEFINITIONS = (
					"DEBUG=1",
					"$(inherited)",
				);
				GCC_WARN_64_TO_32_BIT_CONVERSION = YES;
				GCC_WARN_ABOUT_RETURN_TYPE = YES_ERROR;
				GCC_WARN_UNDECLARED_SELECTOR = YES;
				GCC_WARN_UNINITIALIZED_AUTOS = YES_AGGRESSIVE;
				GCC_WARN_UNUSED_FUNCTION = YES;
				GCC_WARN_UNUSED_VARIABLE = YES;
				IPHONEOS_DEPLOYMENT_TARGET = 9.3;
				MTL_ENABLE_DEBUG_INFO = YES;
				ONLY_ACTIVE_ARCH = YES;
				SDKROOT = iphoneos;
			};
			name = Debug;
		};
		E085F0BE1D07EAF200E91362 /* Release */ = {
			isa = XCBuildConfiguration;
			buildSettings = {
				ALWAYS_SEARCH_USER_PATHS = NO;
				CLANG_ANALYZER_NONNULL = YES;
				CLANG_CXX_LANGUAGE_STANDARD = "gnu++0x";
				CLANG_CXX_LIBRARY = "libc++";
				CLANG_ENABLE_MODULES = YES;
				CLANG_ENABLE_OBJC_ARC = YES;
				CLANG_WARN_BOOL_CONVERSION = YES;
				CLANG_WARN_CONSTANT_CONVERSION = YES;
				CLANG_WARN_DIRECT_OBJC_ISA_USAGE = YES_ERROR;
				CLANG_WARN_EMPTY_BODY = YES;
				CLANG_WARN_ENUM_CONVERSION = YES;
				CLANG_WARN_INT_CONVERSION = YES;
				CLANG_WARN_OBJC_ROOT_CLASS = YES_ERROR;
				CLANG_WARN_UNREACHABLE_CODE = YES;
				CLANG_WARN__DUPLICATE_METHOD_MATCH = YES;
				"CODE_SIGN_IDENTITY[sdk=iphoneos*]" = "iPhone Developer";
				COPY_PHASE_STRIP = NO;
				DEBUG_INFORMATION_FORMAT = "dwarf-with-dsym";
				ENABLE_NS_ASSERTIONS = NO;
				ENABLE_STRICT_OBJC_MSGSEND = YES;
				GCC_C_LANGUAGE_STANDARD = gnu99;
				GCC_NO_COMMON_BLOCKS = YES;
				GCC_WARN_64_TO_32_BIT_CONVERSION = YES;
				GCC_WARN_ABOUT_RETURN_TYPE = YES_ERROR;
				GCC_WARN_UNDECLARED_SELECTOR = YES;
				GCC_WARN_UNINITIALIZED_AUTOS = YES_AGGRESSIVE;
				GCC_WARN_UNUSED_FUNCTION = YES;
				GCC_WARN_UNUSED_VARIABLE = YES;
				IPHONEOS_DEPLOYMENT_TARGET = 9.3;
				MTL_ENABLE_DEBUG_INFO = NO;
				SDKROOT = iphoneos;
				VALIDATE_PRODUCT = YES;
			};
			name = Release;
		};
		E085F0C01D07EAF200E91362 /* Debug */ = {
			isa = XCBuildConfiguration;
			baseConfigurationReference = 7AA9EA26FE8C894537708B90 /* Pods-XZXDailyBlock.debug.xcconfig */;
			buildSettings = {
				ASSETCATALOG_COMPILER_APPICON_NAME = AppIcon;
				CLANG_WARN_OBJC_IMPLICIT_RETAIN_SELF = YES;
				INFOPLIST_FILE = XZXDailyBlock/Info.plist;
				LD_RUNPATH_SEARCH_PATHS = "$(inherited) @executable_path/Frameworks";
				PRODUCT_BUNDLE_IDENTIFIER = com.zx.iOSDev.XZXDailyBlock;
				PRODUCT_NAME = "$(TARGET_NAME)";
			};
			name = Debug;
		};
		E085F0C11D07EAF200E91362 /* Release */ = {
			isa = XCBuildConfiguration;
			baseConfigurationReference = AA7FB275B6980A618D84E228 /* Pods-XZXDailyBlock.release.xcconfig */;
			buildSettings = {
				ASSETCATALOG_COMPILER_APPICON_NAME = AppIcon;
				CLANG_WARN_OBJC_IMPLICIT_RETAIN_SELF = YES;
				INFOPLIST_FILE = XZXDailyBlock/Info.plist;
				LD_RUNPATH_SEARCH_PATHS = "$(inherited) @executable_path/Frameworks";
				PRODUCT_BUNDLE_IDENTIFIER = com.zx.iOSDev.XZXDailyBlock;
				PRODUCT_NAME = "$(TARGET_NAME)";
			};
			name = Release;
		};
		E085F0C31D07EAF200E91362 /* Debug */ = {
			isa = XCBuildConfiguration;
			buildSettings = {
				BUNDLE_LOADER = "$(TEST_HOST)";
				INFOPLIST_FILE = XZXDailyBlockTests/Info.plist;
				LD_RUNPATH_SEARCH_PATHS = "$(inherited) @executable_path/Frameworks @loader_path/Frameworks";
				PRODUCT_BUNDLE_IDENTIFIER = com.zx.iOSDev.XZXDailyBlockTests;
				PRODUCT_NAME = "$(TARGET_NAME)";
				TEST_HOST = "$(BUILT_PRODUCTS_DIR)/XZXDailyBlock.app/XZXDailyBlock";
			};
			name = Debug;
		};
		E085F0C41D07EAF200E91362 /* Release */ = {
			isa = XCBuildConfiguration;
			buildSettings = {
				BUNDLE_LOADER = "$(TEST_HOST)";
				INFOPLIST_FILE = XZXDailyBlockTests/Info.plist;
				LD_RUNPATH_SEARCH_PATHS = "$(inherited) @executable_path/Frameworks @loader_path/Frameworks";
				PRODUCT_BUNDLE_IDENTIFIER = com.zx.iOSDev.XZXDailyBlockTests;
				PRODUCT_NAME = "$(TARGET_NAME)";
				TEST_HOST = "$(BUILT_PRODUCTS_DIR)/XZXDailyBlock.app/XZXDailyBlock";
			};
			name = Release;
		};
		E085F0C61D07EAF200E91362 /* Debug */ = {
			isa = XCBuildConfiguration;
			buildSettings = {
				INFOPLIST_FILE = XZXDailyBlockUITests/Info.plist;
				LD_RUNPATH_SEARCH_PATHS = "$(inherited) @executable_path/Frameworks @loader_path/Frameworks";
				PRODUCT_BUNDLE_IDENTIFIER = com.zx.iOSDev.XZXDailyBlockUITests;
				PRODUCT_NAME = "$(TARGET_NAME)";
				TEST_TARGET_NAME = XZXDailyBlock;
			};
			name = Debug;
		};
		E085F0C71D07EAF200E91362 /* Release */ = {
			isa = XCBuildConfiguration;
			buildSettings = {
				INFOPLIST_FILE = XZXDailyBlockUITests/Info.plist;
				LD_RUNPATH_SEARCH_PATHS = "$(inherited) @executable_path/Frameworks @loader_path/Frameworks";
				PRODUCT_BUNDLE_IDENTIFIER = com.zx.iOSDev.XZXDailyBlockUITests;
				PRODUCT_NAME = "$(TARGET_NAME)";
				TEST_TARGET_NAME = XZXDailyBlock;
			};
			name = Release;
		};
/* End XCBuildConfiguration section */

/* Begin XCConfigurationList section */
		E085F08D1D07EAF200E91362 /* Build configuration list for PBXProject "XZXDailyBlock" */ = {
			isa = XCConfigurationList;
			buildConfigurations = (
				E085F0BD1D07EAF200E91362 /* Debug */,
				E085F0BE1D07EAF200E91362 /* Release */,
			);
			defaultConfigurationIsVisible = 0;
			defaultConfigurationName = Debug;
		};
		E085F0BF1D07EAF200E91362 /* Build configuration list for PBXNativeTarget "XZXDailyBlock" */ = {
			isa = XCConfigurationList;
			buildConfigurations = (
				E085F0C01D07EAF200E91362 /* Debug */,
				E085F0C11D07EAF200E91362 /* Release */,
			);
			defaultConfigurationIsVisible = 0;
			defaultConfigurationName = Debug;
		};
		E085F0C21D07EAF200E91362 /* Build configuration list for PBXNativeTarget "XZXDailyBlockTests" */ = {
			isa = XCConfigurationList;
			buildConfigurations = (
				E085F0C31D07EAF200E91362 /* Debug */,
				E085F0C41D07EAF200E91362 /* Release */,
			);
			defaultConfigurationIsVisible = 0;
			defaultConfigurationName = Debug;
		};
		E085F0C51D07EAF200E91362 /* Build configuration list for PBXNativeTarget "XZXDailyBlockUITests" */ = {
			isa = XCConfigurationList;
			buildConfigurations = (
				E085F0C61D07EAF200E91362 /* Debug */,
				E085F0C71D07EAF200E91362 /* Release */,
			);
			defaultConfigurationIsVisible = 0;
			defaultConfigurationName = Debug;
		};
/* End XCConfigurationList section */
	};
	rootObject = E085F08A1D07EAF200E91362 /* Project object */;
}
